// !$*UTF8*$!
{
	archiveVersion = 1;
	classes = {
	};
	objectVersion = 56;
	objects = {

/* Begin PBXBuildFile section */
		4F070429294A71C100372873 /* Alamofire in Frameworks */ = {isa = PBXBuildFile; productRef = 4F070428294A71C100372873 /* Alamofire */; };
		4F070460294A747D00372873 /* Podcast.swift in Sources */ = {isa = PBXBuildFile; fileRef = 4F070456294A747D00372873 /* Podcast.swift */; };
		4F070461294A747D00372873 /* CategoriesDataProvider.swift in Sources */ = {isa = PBXBuildFile; fileRef = 4F070457294A747D00372873 /* CategoriesDataProvider.swift */; };
		4F070462294A747D00372873 /* CategoryModel.swift in Sources */ = {isa = PBXBuildFile; fileRef = 4F070459294A747D00372873 /* CategoryModel.swift */; };
		4F070463294A747D00372873 /* SearchModel.swift in Sources */ = {isa = PBXBuildFile; fileRef = 4F07045A294A747D00372873 /* SearchModel.swift */; };
		4F070464294A747D00372873 /* PodcastModel.swift in Sources */ = {isa = PBXBuildFile; fileRef = 4F07045B294A747D00372873 /* PodcastModel.swift */; };
		4F070465294A747D00372873 /* ErrorModel.swift in Sources */ = {isa = PBXBuildFile; fileRef = 4F07045C294A747D00372873 /* ErrorModel.swift */; };
		4F070466294A747D00372873 /* SearchResultDataProvider.swift in Sources */ = {isa = PBXBuildFile; fileRef = 4F07045D294A747D00372873 /* SearchResultDataProvider.swift */; };
		4F070467294A747D00372873 /* CategoriesProviderProtocol.swift in Sources */ = {isa = PBXBuildFile; fileRef = 4F07045E294A747D00372873 /* CategoriesProviderProtocol.swift */; };
		4F070468294A747D00372873 /* SearchProviderProtocol.swift in Sources */ = {isa = PBXBuildFile; fileRef = 4F07045F294A747D00372873 /* SearchProviderProtocol.swift */; };
		4F07046D294BB41700372873 /* Swinject in Frameworks */ = {isa = PBXBuildFile; productRef = 4F07046C294BB41700372873 /* Swinject */; };
		4F1A2FD0294CF614007428CC /* PetosaurDIContainer.swift in Sources */ = {isa = PBXBuildFile; fileRef = 4F1A2FCF294CF614007428CC /* PetosaurDIContainer.swift */; };
		4F1A2FD2294CFB0F007428CC /* ServicesAssembly.swift in Sources */ = {isa = PBXBuildFile; fileRef = 4F1A2FD1294CFB0F007428CC /* ServicesAssembly.swift */; };
		4F1A2FD4294CFB34007428CC /* ModulesAssembly.swift in Sources */ = {isa = PBXBuildFile; fileRef = 4F1A2FD3294CFB34007428CC /* ModulesAssembly.swift */; };
		4F1A2FD6294D0D1E007428CC /* SceneService.swift in Sources */ = {isa = PBXBuildFile; fileRef = 4F1A2FD5294D0D1E007428CC /* SceneService.swift */; };
		4F3CF0C62923FA410023F685 /* AppDelegate.swift in Sources */ = {isa = PBXBuildFile; fileRef = 4F3CF0C52923FA410023F685 /* AppDelegate.swift */; };
		4F3CF0C82923FA410023F685 /* SceneDelegate.swift in Sources */ = {isa = PBXBuildFile; fileRef = 4F3CF0C72923FA410023F685 /* SceneDelegate.swift */; };
		4F3CF0CF2923FA420023F685 /* Assets.xcassets in Resources */ = {isa = PBXBuildFile; fileRef = 4F3CF0CE2923FA420023F685 /* Assets.xcassets */; };
		4F3CF0DD2923FA420023F685 /* SearchInteractorTests.swift in Sources */ = {isa = PBXBuildFile; fileRef = 4F3CF0DC2923FA420023F685 /* SearchInteractorTests.swift */; };
		4F3CF0E72923FA420023F685 /* PetosaurUITests.swift in Sources */ = {isa = PBXBuildFile; fileRef = 4F3CF0E62923FA420023F685 /* PetosaurUITests.swift */; };
		4F3CF0E92923FA420023F685 /* PetosaurUITestsLaunchTests.swift in Sources */ = {isa = PBXBuildFile; fileRef = 4F3CF0E82923FA420023F685 /* PetosaurUITestsLaunchTests.swift */; };
		4F914F7B295229790085B9C7 /* ConfigurationRouter.swift in Sources */ = {isa = PBXBuildFile; fileRef = 4F914F76295229790085B9C7 /* ConfigurationRouter.swift */; };
		4F914F7C295229790085B9C7 /* ConfigurationModuleBuilder.swift in Sources */ = {isa = PBXBuildFile; fileRef = 4F914F77295229790085B9C7 /* ConfigurationModuleBuilder.swift */; };
		4F914F7D295229790085B9C7 /* ConfigurationViewController.swift in Sources */ = {isa = PBXBuildFile; fileRef = 4F914F78295229790085B9C7 /* ConfigurationViewController.swift */; };
		4F914F7E295229790085B9C7 /* ConfigurationInteractor.swift in Sources */ = {isa = PBXBuildFile; fileRef = 4F914F79295229790085B9C7 /* ConfigurationInteractor.swift */; };
		4F914F7F295229790085B9C7 /* ConfigurationPresenter.swift in Sources */ = {isa = PBXBuildFile; fileRef = 4F914F7A295229790085B9C7 /* ConfigurationPresenter.swift */; };
		4F914F82295229F70085B9C7 /* CategoriesProtocols.swift in Sources */ = {isa = PBXBuildFile; fileRef = 4F914F81295229F70085B9C7 /* CategoriesProtocols.swift */; };
		4F96AE722964BEC100289935 /* CategoriesPresenter.swift in Sources */ = {isa = PBXBuildFile; fileRef = 4F96AE6D2964BEC100289935 /* CategoriesPresenter.swift */; };
		4F96AE732964BEC100289935 /* CategoriesModuleBuilder.swift in Sources */ = {isa = PBXBuildFile; fileRef = 4F96AE6E2964BEC100289935 /* CategoriesModuleBuilder.swift */; };
		4F96AE742964BEC100289935 /* CategoriesRouter.swift in Sources */ = {isa = PBXBuildFile; fileRef = 4F96AE6F2964BEC100289935 /* CategoriesRouter.swift */; };
		4F96AE752964BEC100289935 /* CategoriesViewController.swift in Sources */ = {isa = PBXBuildFile; fileRef = 4F96AE702964BEC100289935 /* CategoriesViewController.swift */; };
		4F96AE762964BEC100289935 /* CategoriesInteractor.swift in Sources */ = {isa = PBXBuildFile; fileRef = 4F96AE712964BEC100289935 /* CategoriesInteractor.swift */; };
		4FC8705C2950DE7D000AF74A /* SearchPresenter.swift in Sources */ = {isa = PBXBuildFile; fileRef = 4FC870562950DE7D000AF74A /* SearchPresenter.swift */; };
		4FC8705D2950DE7D000AF74A /* SearchModuleBuilder.swift in Sources */ = {isa = PBXBuildFile; fileRef = 4FC870572950DE7D000AF74A /* SearchModuleBuilder.swift */; };
		4FC8705E2950DE7D000AF74A /* SearchViewController.swift in Sources */ = {isa = PBXBuildFile; fileRef = 4FC870582950DE7D000AF74A /* SearchViewController.swift */; };
		4FC8705F2950DE7D000AF74A /* SearchRouter.swift in Sources */ = {isa = PBXBuildFile; fileRef = 4FC870592950DE7D000AF74A /* SearchRouter.swift */; };
		4FC870602950DE7D000AF74A /* SearchProtocols.swift in Sources */ = {isa = PBXBuildFile; fileRef = 4FC8705A2950DE7D000AF74A /* SearchProtocols.swift */; };
		4FC870612950DE7D000AF74A /* SearchInteractor.swift in Sources */ = {isa = PBXBuildFile; fileRef = 4FC8705B2950DE7D000AF74A /* SearchInteractor.swift */; };
		4FC870662950DFFF000AF74A /* ConfigurationEntity.swift in Sources */ = {isa = PBXBuildFile; fileRef = 4FC870642950DFFE000AF74A /* ConfigurationEntity.swift */; };
		4FC870672950DFFF000AF74A /* PodcastEntity.swift in Sources */ = {isa = PBXBuildFile; fileRef = 4FC870652950DFFF000AF74A /* PodcastEntity.swift */; };
		4FC8706A2950E089000AF74A /* RxSwift in Frameworks */ = {isa = PBXBuildFile; productRef = 4FC870692950E089000AF74A /* RxSwift */; };
		4FC8706D2950E170000AF74A /* ConfigurationProtocols.swift in Sources */ = {isa = PBXBuildFile; fileRef = 4FC8706C2950E170000AF74A /* ConfigurationProtocols.swift */; };
		4FC870712950E1DE000AF74A /* PodcastCell.swift in Sources */ = {isa = PBXBuildFile; fileRef = 4FC8706F2950E1DE000AF74A /* PodcastCell.swift */; };
		4FC870722950E1DE000AF74A /* LoadingCell.swift in Sources */ = {isa = PBXBuildFile; fileRef = 4FC870702950E1DE000AF74A /* LoadingCell.swift */; };
		4FC870752950F410000AF74A /* SnapKit in Frameworks */ = {isa = PBXBuildFile; productRef = 4FC870742950F410000AF74A /* SnapKit */; };
		4FF8117C294A40F900B17562 /* PetosaurKit.framework in Frameworks */ = {isa = PBXBuildFile; fileRef = 4FF81174294A40F800B17562 /* PetosaurKit.framework */; };
		4FF81183294A40F900B17562 /* PetosaurKitTests.swift in Sources */ = {isa = PBXBuildFile; fileRef = 4FF81182294A40F900B17562 /* PetosaurKitTests.swift */; };
		4FF81184294A40F900B17562 /* PetosaurKit.h in Headers */ = {isa = PBXBuildFile; fileRef = 4FF81176294A40F800B17562 /* PetosaurKit.h */; settings = {ATTRIBUTES = (Public, ); }; };
		4FF81187294A40F900B17562 /* PetosaurKit.framework in Frameworks */ = {isa = PBXBuildFile; fileRef = 4FF81174294A40F800B17562 /* PetosaurKit.framework */; };
		4FF81188294A40F900B17562 /* PetosaurKit.framework in Embed Frameworks */ = {isa = PBXBuildFile; fileRef = 4FF81174294A40F800B17562 /* PetosaurKit.framework */; settings = {ATTRIBUTES = (CodeSignOnCopy, RemoveHeadersOnCopy, ); }; };
/* End PBXBuildFile section */

/* Begin PBXContainerItemProxy section */
		4F3CF0D92923FA420023F685 /* PBXContainerItemProxy */ = {
			isa = PBXContainerItemProxy;
			containerPortal = 4F3CF0BA2923FA410023F685 /* Project object */;
			proxyType = 1;
			remoteGlobalIDString = 4F3CF0C12923FA410023F685;
			remoteInfo = Petosaur;
		};
		4F3CF0E32923FA420023F685 /* PBXContainerItemProxy */ = {
			isa = PBXContainerItemProxy;
			containerPortal = 4F3CF0BA2923FA410023F685 /* Project object */;
			proxyType = 1;
			remoteGlobalIDString = 4F3CF0C12923FA410023F685;
			remoteInfo = Petosaur;
		};
		4FF8117D294A40F900B17562 /* PBXContainerItemProxy */ = {
			isa = PBXContainerItemProxy;
			containerPortal = 4F3CF0BA2923FA410023F685 /* Project object */;
			proxyType = 1;
			remoteGlobalIDString = 4FF81173294A40F800B17562;
			remoteInfo = PetosaurKit;
		};
		4FF8117F294A40F900B17562 /* PBXContainerItemProxy */ = {
			isa = PBXContainerItemProxy;
			containerPortal = 4F3CF0BA2923FA410023F685 /* Project object */;
			proxyType = 1;
			remoteGlobalIDString = 4F3CF0C12923FA410023F685;
			remoteInfo = Petosaur;
		};
		4FF81185294A40F900B17562 /* PBXContainerItemProxy */ = {
			isa = PBXContainerItemProxy;
			containerPortal = 4F3CF0BA2923FA410023F685 /* Project object */;
			proxyType = 1;
			remoteGlobalIDString = 4FF81173294A40F800B17562;
			remoteInfo = PetosaurKit;
		};
/* End PBXContainerItemProxy section */

/* Begin PBXCopyFilesBuildPhase section */
		4FF8118C294A40F900B17562 /* Embed Frameworks */ = {
			isa = PBXCopyFilesBuildPhase;
			buildActionMask = 2147483647;
			dstPath = "";
			dstSubfolderSpec = 10;
			files = (
				4FF81188294A40F900B17562 /* PetosaurKit.framework in Embed Frameworks */,
			);
			name = "Embed Frameworks";
			runOnlyForDeploymentPostprocessing = 0;
		};
/* End PBXCopyFilesBuildPhase section */

/* Begin PBXFileReference section */
		4F070456294A747D00372873 /* Podcast.swift */ = {isa = PBXFileReference; fileEncoding = 4; lastKnownFileType = sourcecode.swift; path = Podcast.swift; sourceTree = "<group>"; };
		4F070457294A747D00372873 /* CategoriesDataProvider.swift */ = {isa = PBXFileReference; fileEncoding = 4; lastKnownFileType = sourcecode.swift; path = CategoriesDataProvider.swift; sourceTree = "<group>"; };
		4F070459294A747D00372873 /* CategoryModel.swift */ = {isa = PBXFileReference; fileEncoding = 4; lastKnownFileType = sourcecode.swift; path = CategoryModel.swift; sourceTree = "<group>"; };
		4F07045A294A747D00372873 /* SearchModel.swift */ = {isa = PBXFileReference; fileEncoding = 4; lastKnownFileType = sourcecode.swift; path = SearchModel.swift; sourceTree = "<group>"; };
		4F07045B294A747D00372873 /* PodcastModel.swift */ = {isa = PBXFileReference; fileEncoding = 4; lastKnownFileType = sourcecode.swift; path = PodcastModel.swift; sourceTree = "<group>"; };
		4F07045C294A747D00372873 /* ErrorModel.swift */ = {isa = PBXFileReference; fileEncoding = 4; lastKnownFileType = sourcecode.swift; path = ErrorModel.swift; sourceTree = "<group>"; };
		4F07045D294A747D00372873 /* SearchResultDataProvider.swift */ = {isa = PBXFileReference; fileEncoding = 4; lastKnownFileType = sourcecode.swift; path = SearchResultDataProvider.swift; sourceTree = "<group>"; };
		4F07045E294A747D00372873 /* CategoriesProviderProtocol.swift */ = {isa = PBXFileReference; fileEncoding = 4; lastKnownFileType = sourcecode.swift; path = CategoriesProviderProtocol.swift; sourceTree = "<group>"; };
		4F07045F294A747D00372873 /* SearchProviderProtocol.swift */ = {isa = PBXFileReference; fileEncoding = 4; lastKnownFileType = sourcecode.swift; path = SearchProviderProtocol.swift; sourceTree = "<group>"; };
		4F1A2FCF294CF614007428CC /* PetosaurDIContainer.swift */ = {isa = PBXFileReference; lastKnownFileType = sourcecode.swift; path = PetosaurDIContainer.swift; sourceTree = "<group>"; };
		4F1A2FD1294CFB0F007428CC /* ServicesAssembly.swift */ = {isa = PBXFileReference; lastKnownFileType = sourcecode.swift; path = ServicesAssembly.swift; sourceTree = "<group>"; };
		4F1A2FD3294CFB34007428CC /* ModulesAssembly.swift */ = {isa = PBXFileReference; lastKnownFileType = sourcecode.swift; path = ModulesAssembly.swift; sourceTree = "<group>"; };
		4F1A2FD5294D0D1E007428CC /* SceneService.swift */ = {isa = PBXFileReference; lastKnownFileType = sourcecode.swift; path = SceneService.swift; sourceTree = "<group>"; };
		4F3CF0C22923FA410023F685 /* Petosaur.app */ = {isa = PBXFileReference; explicitFileType = wrapper.application; includeInIndex = 0; path = Petosaur.app; sourceTree = BUILT_PRODUCTS_DIR; };
		4F3CF0C52923FA410023F685 /* AppDelegate.swift */ = {isa = PBXFileReference; lastKnownFileType = sourcecode.swift; path = AppDelegate.swift; sourceTree = "<group>"; };
		4F3CF0C72923FA410023F685 /* SceneDelegate.swift */ = {isa = PBXFileReference; lastKnownFileType = sourcecode.swift; path = SceneDelegate.swift; sourceTree = "<group>"; };
		4F3CF0CE2923FA420023F685 /* Assets.xcassets */ = {isa = PBXFileReference; lastKnownFileType = folder.assetcatalog; path = Assets.xcassets; sourceTree = "<group>"; };
		4F3CF0D32923FA420023F685 /* Info.plist */ = {isa = PBXFileReference; lastKnownFileType = text.plist.xml; path = Info.plist; sourceTree = "<group>"; };
		4F3CF0D82923FA420023F685 /* PetosaurTests.xctest */ = {isa = PBXFileReference; explicitFileType = wrapper.cfbundle; includeInIndex = 0; path = PetosaurTests.xctest; sourceTree = BUILT_PRODUCTS_DIR; };
		4F3CF0DC2923FA420023F685 /* SearchInteractorTests.swift */ = {isa = PBXFileReference; lastKnownFileType = sourcecode.swift; path = SearchInteractorTests.swift; sourceTree = "<group>"; };
		4F3CF0E22923FA420023F685 /* PetosaurUITests.xctest */ = {isa = PBXFileReference; explicitFileType = wrapper.cfbundle; includeInIndex = 0; path = PetosaurUITests.xctest; sourceTree = BUILT_PRODUCTS_DIR; };
		4F3CF0E62923FA420023F685 /* PetosaurUITests.swift */ = {isa = PBXFileReference; lastKnownFileType = sourcecode.swift; path = PetosaurUITests.swift; sourceTree = "<group>"; };
		4F3CF0E82923FA420023F685 /* PetosaurUITestsLaunchTests.swift */ = {isa = PBXFileReference; lastKnownFileType = sourcecode.swift; path = PetosaurUITestsLaunchTests.swift; sourceTree = "<group>"; };
		4F914F76295229790085B9C7 /* ConfigurationRouter.swift */ = {isa = PBXFileReference; fileEncoding = 4; lastKnownFileType = sourcecode.swift; path = ConfigurationRouter.swift; sourceTree = "<group>"; };
		4F914F77295229790085B9C7 /* ConfigurationModuleBuilder.swift */ = {isa = PBXFileReference; fileEncoding = 4; lastKnownFileType = sourcecode.swift; path = ConfigurationModuleBuilder.swift; sourceTree = "<group>"; };
		4F914F78295229790085B9C7 /* ConfigurationViewController.swift */ = {isa = PBXFileReference; fileEncoding = 4; lastKnownFileType = sourcecode.swift; path = ConfigurationViewController.swift; sourceTree = "<group>"; };
		4F914F79295229790085B9C7 /* ConfigurationInteractor.swift */ = {isa = PBXFileReference; fileEncoding = 4; lastKnownFileType = sourcecode.swift; path = ConfigurationInteractor.swift; sourceTree = "<group>"; };
		4F914F7A295229790085B9C7 /* ConfigurationPresenter.swift */ = {isa = PBXFileReference; fileEncoding = 4; lastKnownFileType = sourcecode.swift; path = ConfigurationPresenter.swift; sourceTree = "<group>"; };
		4F914F81295229F70085B9C7 /* CategoriesProtocols.swift */ = {isa = PBXFileReference; fileEncoding = 4; lastKnownFileType = sourcecode.swift; path = CategoriesProtocols.swift; sourceTree = "<group>"; };
		4F96AE6D2964BEC100289935 /* CategoriesPresenter.swift */ = {isa = PBXFileReference; fileEncoding = 4; lastKnownFileType = sourcecode.swift; path = CategoriesPresenter.swift; sourceTree = "<group>"; };
		4F96AE6E2964BEC100289935 /* CategoriesModuleBuilder.swift */ = {isa = PBXFileReference; fileEncoding = 4; lastKnownFileType = sourcecode.swift; path = CategoriesModuleBuilder.swift; sourceTree = "<group>"; };
		4F96AE6F2964BEC100289935 /* CategoriesRouter.swift */ = {isa = PBXFileReference; fileEncoding = 4; lastKnownFileType = sourcecode.swift; path = CategoriesRouter.swift; sourceTree = "<group>"; };
		4F96AE702964BEC100289935 /* CategoriesViewController.swift */ = {isa = PBXFileReference; fileEncoding = 4; lastKnownFileType = sourcecode.swift; path = CategoriesViewController.swift; sourceTree = "<group>"; };
		4F96AE712964BEC100289935 /* CategoriesInteractor.swift */ = {isa = PBXFileReference; fileEncoding = 4; lastKnownFileType = sourcecode.swift; path = CategoriesInteractor.swift; sourceTree = "<group>"; };
		4FC870562950DE7D000AF74A /* SearchPresenter.swift */ = {isa = PBXFileReference; fileEncoding = 4; lastKnownFileType = sourcecode.swift; path = SearchPresenter.swift; sourceTree = "<group>"; };
		4FC870572950DE7D000AF74A /* SearchModuleBuilder.swift */ = {isa = PBXFileReference; fileEncoding = 4; lastKnownFileType = sourcecode.swift; path = SearchModuleBuilder.swift; sourceTree = "<group>"; };
		4FC870582950DE7D000AF74A /* SearchViewController.swift */ = {isa = PBXFileReference; fileEncoding = 4; lastKnownFileType = sourcecode.swift; path = SearchViewController.swift; sourceTree = "<group>"; };
		4FC870592950DE7D000AF74A /* SearchRouter.swift */ = {isa = PBXFileReference; fileEncoding = 4; lastKnownFileType = sourcecode.swift; path = SearchRouter.swift; sourceTree = "<group>"; };
		4FC8705A2950DE7D000AF74A /* SearchProtocols.swift */ = {isa = PBXFileReference; fileEncoding = 4; lastKnownFileType = sourcecode.swift; path = SearchProtocols.swift; sourceTree = "<group>"; };
		4FC8705B2950DE7D000AF74A /* SearchInteractor.swift */ = {isa = PBXFileReference; fileEncoding = 4; lastKnownFileType = sourcecode.swift; path = SearchInteractor.swift; sourceTree = "<group>"; };
		4FC870642950DFFE000AF74A /* ConfigurationEntity.swift */ = {isa = PBXFileReference; fileEncoding = 4; lastKnownFileType = sourcecode.swift; path = ConfigurationEntity.swift; sourceTree = "<group>"; };
		4FC870652950DFFF000AF74A /* PodcastEntity.swift */ = {isa = PBXFileReference; fileEncoding = 4; lastKnownFileType = sourcecode.swift; path = PodcastEntity.swift; sourceTree = "<group>"; };
		4FC8706C2950E170000AF74A /* ConfigurationProtocols.swift */ = {isa = PBXFileReference; fileEncoding = 4; lastKnownFileType = sourcecode.swift; path = ConfigurationProtocols.swift; sourceTree = "<group>"; };
		4FC8706F2950E1DE000AF74A /* PodcastCell.swift */ = {isa = PBXFileReference; fileEncoding = 4; lastKnownFileType = sourcecode.swift; path = PodcastCell.swift; sourceTree = "<group>"; };
		4FC870702950E1DE000AF74A /* LoadingCell.swift */ = {isa = PBXFileReference; fileEncoding = 4; lastKnownFileType = sourcecode.swift; path = LoadingCell.swift; sourceTree = "<group>"; };
		4FF81174294A40F800B17562 /* PetosaurKit.framework */ = {isa = PBXFileReference; explicitFileType = wrapper.framework; includeInIndex = 0; path = PetosaurKit.framework; sourceTree = BUILT_PRODUCTS_DIR; };
		4FF81176294A40F800B17562 /* PetosaurKit.h */ = {isa = PBXFileReference; lastKnownFileType = sourcecode.c.h; path = PetosaurKit.h; sourceTree = "<group>"; };
		4FF8117B294A40F900B17562 /* PetosaurKitTests.xctest */ = {isa = PBXFileReference; explicitFileType = wrapper.cfbundle; includeInIndex = 0; path = PetosaurKitTests.xctest; sourceTree = BUILT_PRODUCTS_DIR; };
		4FF81182294A40F900B17562 /* PetosaurKitTests.swift */ = {isa = PBXFileReference; lastKnownFileType = sourcecode.swift; path = PetosaurKitTests.swift; sourceTree = "<group>"; };
/* End PBXFileReference section */

/* Begin PBXFrameworksBuildPhase section */
		4F3CF0BF2923FA410023F685 /* Frameworks */ = {
			isa = PBXFrameworksBuildPhase;
			buildActionMask = 2147483647;
			files = (
				4FC8706A2950E089000AF74A /* RxSwift in Frameworks */,
				4FC870752950F410000AF74A /* SnapKit in Frameworks */,
				4FF81187294A40F900B17562 /* PetosaurKit.framework in Frameworks */,
				4F07046D294BB41700372873 /* Swinject in Frameworks */,
			);
			runOnlyForDeploymentPostprocessing = 0;
		};
		4F3CF0D52923FA420023F685 /* Frameworks */ = {
			isa = PBXFrameworksBuildPhase;
			buildActionMask = 2147483647;
			files = (
			);
			runOnlyForDeploymentPostprocessing = 0;
		};
		4F3CF0DF2923FA420023F685 /* Frameworks */ = {
			isa = PBXFrameworksBuildPhase;
			buildActionMask = 2147483647;
			files = (
			);
			runOnlyForDeploymentPostprocessing = 0;
		};
		4FF81171294A40F800B17562 /* Frameworks */ = {
			isa = PBXFrameworksBuildPhase;
			buildActionMask = 2147483647;
			files = (
				4F070429294A71C100372873 /* Alamofire in Frameworks */,
			);
			runOnlyForDeploymentPostprocessing = 0;
		};
		4FF81178294A40F900B17562 /* Frameworks */ = {
			isa = PBXFrameworksBuildPhase;
			buildActionMask = 2147483647;
			files = (
				4FF8117C294A40F900B17562 /* PetosaurKit.framework in Frameworks */,
			);
			runOnlyForDeploymentPostprocessing = 0;
		};
/* End PBXFrameworksBuildPhase section */

/* Begin PBXGroup section */
		4F070454294A747D00372873 /* Remote */ = {
			isa = PBXGroup;
			children = (
				4F070455294A747D00372873 /* DTO */,
				4F070458294A747D00372873 /* Models */,
				4F070457294A747D00372873 /* CategoriesDataProvider.swift */,
				4F07045E294A747D00372873 /* CategoriesProviderProtocol.swift */,
				4F07045F294A747D00372873 /* SearchProviderProtocol.swift */,
				4F07045D294A747D00372873 /* SearchResultDataProvider.swift */,
			);
			path = Remote;
			sourceTree = "<group>";
		};
		4F070455294A747D00372873 /* DTO */ = {
			isa = PBXGroup;
			children = (
				4F070456294A747D00372873 /* Podcast.swift */,
			);
			path = DTO;
			sourceTree = "<group>";
		};
		4F070458294A747D00372873 /* Models */ = {
			isa = PBXGroup;
			children = (
				4F070459294A747D00372873 /* CategoryModel.swift */,
				4F07045A294A747D00372873 /* SearchModel.swift */,
				4F07045B294A747D00372873 /* PodcastModel.swift */,
				4F07045C294A747D00372873 /* ErrorModel.swift */,
			);
			path = Models;
			sourceTree = "<group>";
		};
		4F070469294A784100372873 /* App */ = {
			isa = PBXGroup;
			children = (
				4F3CF0C52923FA410023F685 /* AppDelegate.swift */,
				4F3CF0C72923FA410023F685 /* SceneDelegate.swift */,
				4F1A2FD5294D0D1E007428CC /* SceneService.swift */,
			);
			path = App;
			sourceTree = "<group>";
		};
		4F07046A294A787400372873 /* DI */ = {
			isa = PBXGroup;
			children = (
				4F1A2FCF294CF614007428CC /* PetosaurDIContainer.swift */,
				4F1A2FD1294CFB0F007428CC /* ServicesAssembly.swift */,
				4F1A2FD3294CFB34007428CC /* ModulesAssembly.swift */,
			);
			path = DI;
			sourceTree = "<group>";
		};
		4F3CF0B92923FA410023F685 = {
			isa = PBXGroup;
			children = (
				4F3CF0C42923FA410023F685 /* Petosaur */,
				4F3CF0DB2923FA420023F685 /* PetosaurTests */,
				4F3CF0E52923FA420023F685 /* PetosaurUITests */,
				4FF81175294A40F800B17562 /* PetosaurKit */,
				4FF81181294A40F900B17562 /* PetosaurKitTests */,
				4F3CF0C32923FA410023F685 /* Products */,
			);
			sourceTree = "<group>";
		};
		4F3CF0C32923FA410023F685 /* Products */ = {
			isa = PBXGroup;
			children = (
				4F3CF0C22923FA410023F685 /* Petosaur.app */,
				4F3CF0D82923FA420023F685 /* PetosaurTests.xctest */,
				4F3CF0E22923FA420023F685 /* PetosaurUITests.xctest */,
				4FF81174294A40F800B17562 /* PetosaurKit.framework */,
				4FF8117B294A40F900B17562 /* PetosaurKitTests.xctest */,
			);
			name = Products;
			sourceTree = "<group>";
		};
		4F3CF0C42923FA410023F685 /* Petosaur */ = {
			isa = PBXGroup;
			children = (
				4F070469294A784100372873 /* App */,
				4F07046A294A787400372873 /* DI */,
				4FC870552950DE52000AF74A /* Modules */,
				4FC8706E2950E1B4000AF74A /* UI */,
				4F3CF0CE2923FA420023F685 /* Assets.xcassets */,
				4F3CF0D32923FA420023F685 /* Info.plist */,
			);
			path = Petosaur;
			sourceTree = "<group>";
		};
		4F3CF0DB2923FA420023F685 /* PetosaurTests */ = {
			isa = PBXGroup;
			children = (
				4F3CF0DC2923FA420023F685 /* SearchInteractorTests.swift */,
			);
			path = PetosaurTests;
			sourceTree = "<group>";
		};
		4F3CF0E52923FA420023F685 /* PetosaurUITests */ = {
			isa = PBXGroup;
			children = (
				4F3CF0E62923FA420023F685 /* PetosaurUITests.swift */,
				4F3CF0E82923FA420023F685 /* PetosaurUITestsLaunchTests.swift */,
			);
			path = PetosaurUITests;
			sourceTree = "<group>";
		};
		4F914F80295229B50085B9C7 /* Categories */ = {
			isa = PBXGroup;
			children = (
				4F96AE712964BEC100289935 /* CategoriesInteractor.swift */,
				4F96AE6E2964BEC100289935 /* CategoriesModuleBuilder.swift */,
				4F96AE6D2964BEC100289935 /* CategoriesPresenter.swift */,
				4F914F81295229F70085B9C7 /* CategoriesProtocols.swift */,
				4F96AE6F2964BEC100289935 /* CategoriesRouter.swift */,
				4F96AE702964BEC100289935 /* CategoriesViewController.swift */,
			);
			path = Categories;
			sourceTree = "<group>";
		};
		4FC870552950DE52000AF74A /* Modules */ = {
			isa = PBXGroup;
			children = (
				4FC870632950DF7E000AF74A /* Entity */,
				4FC870622950DEBD000AF74A /* Search */,
				4FC8706B2950E131000AF74A /* Configuration */,
				4F914F80295229B50085B9C7 /* Categories */,
			);
			path = Modules;
			sourceTree = "<group>";
		};
		4FC870622950DEBD000AF74A /* Search */ = {
			isa = PBXGroup;
			children = (
				4FC8705B2950DE7D000AF74A /* SearchInteractor.swift */,
				4FC870572950DE7D000AF74A /* SearchModuleBuilder.swift */,
				4FC870562950DE7D000AF74A /* SearchPresenter.swift */,
				4FC8705A2950DE7D000AF74A /* SearchProtocols.swift */,
				4FC870592950DE7D000AF74A /* SearchRouter.swift */,
				4FC870582950DE7D000AF74A /* SearchViewController.swift */,
			);
			path = Search;
			sourceTree = "<group>";
		};
		4FC870632950DF7E000AF74A /* Entity */ = {
			isa = PBXGroup;
			children = (
				4FC870642950DFFE000AF74A /* ConfigurationEntity.swift */,
				4FC870652950DFFF000AF74A /* PodcastEntity.swift */,
			);
			path = Entity;
			sourceTree = "<group>";
		};
		4FC8706B2950E131000AF74A /* Configuration */ = {
			isa = PBXGroup;
			children = (
				4F914F79295229790085B9C7 /* ConfigurationInteractor.swift */,
				4F914F77295229790085B9C7 /* ConfigurationModuleBuilder.swift */,
				4F914F7A295229790085B9C7 /* ConfigurationPresenter.swift */,
				4FC8706C2950E170000AF74A /* ConfigurationProtocols.swift */,
				4F914F76295229790085B9C7 /* ConfigurationRouter.swift */,
				4F914F78295229790085B9C7 /* ConfigurationViewController.swift */,
			);
			path = Configuration;
			sourceTree = "<group>";
		};
		4FC8706E2950E1B4000AF74A /* UI */ = {
			isa = PBXGroup;
			children = (
				4FC870702950E1DE000AF74A /* LoadingCell.swift */,
				4FC8706F2950E1DE000AF74A /* PodcastCell.swift */,
			);
			path = UI;
			sourceTree = "<group>";
		};
		4FF81175294A40F800B17562 /* PetosaurKit */ = {
			isa = PBXGroup;
			children = (
				4F070454294A747D00372873 /* Remote */,
				4FF81176294A40F800B17562 /* PetosaurKit.h */,
			);
			path = PetosaurKit;
			sourceTree = "<group>";
		};
		4FF81181294A40F900B17562 /* PetosaurKitTests */ = {
			isa = PBXGroup;
			children = (
				4FF81182294A40F900B17562 /* PetosaurKitTests.swift */,
			);
			path = PetosaurKitTests;
			sourceTree = "<group>";
		};
/* End PBXGroup section */

/* Begin PBXHeadersBuildPhase section */
		4FF8116F294A40F800B17562 /* Headers */ = {
			isa = PBXHeadersBuildPhase;
			buildActionMask = 2147483647;
			files = (
				4FF81184294A40F900B17562 /* PetosaurKit.h in Headers */,
			);
			runOnlyForDeploymentPostprocessing = 0;
		};
/* End PBXHeadersBuildPhase section */

/* Begin PBXNativeTarget section */
		4F3CF0C12923FA410023F685 /* Petosaur */ = {
			isa = PBXNativeTarget;
			buildConfigurationList = 4F3CF0EC2923FA420023F685 /* Build configuration list for PBXNativeTarget "Petosaur" */;
			buildPhases = (
				4F3CF0BE2923FA410023F685 /* Sources */,
				4F3CF0BF2923FA410023F685 /* Frameworks */,
				4F3CF0C02923FA410023F685 /* Resources */,
				4FF8118C294A40F900B17562 /* Embed Frameworks */,
			);
			buildRules = (
			);
			dependencies = (
				4F96AE6B2964AD4D00289935 /* PBXTargetDependency */,
				4FF81186294A40F900B17562 /* PBXTargetDependency */,
			);
			name = Petosaur;
			packageProductDependencies = (
				4F07046C294BB41700372873 /* Swinject */,
				4FC870692950E089000AF74A /* RxSwift */,
				4FC870742950F410000AF74A /* SnapKit */,
			);
			productName = Petosaur;
			productReference = 4F3CF0C22923FA410023F685 /* Petosaur.app */;
			productType = "com.apple.product-type.application";
		};
		4F3CF0D72923FA420023F685 /* PetosaurTests */ = {
			isa = PBXNativeTarget;
			buildConfigurationList = 4F3CF0EF2923FA420023F685 /* Build configuration list for PBXNativeTarget "PetosaurTests" */;
			buildPhases = (
				4F3CF0D42923FA420023F685 /* Sources */,
				4F3CF0D52923FA420023F685 /* Frameworks */,
				4F3CF0D62923FA420023F685 /* Resources */,
			);
			buildRules = (
			);
			dependencies = (
				4F3CF0DA2923FA420023F685 /* PBXTargetDependency */,
			);
			name = PetosaurTests;
			productName = PetosaurTests;
			productReference = 4F3CF0D82923FA420023F685 /* PetosaurTests.xctest */;
			productType = "com.apple.product-type.bundle.unit-test";
		};
		4F3CF0E12923FA420023F685 /* PetosaurUITests */ = {
			isa = PBXNativeTarget;
			buildConfigurationList = 4F3CF0F22923FA420023F685 /* Build configuration list for PBXNativeTarget "PetosaurUITests" */;
			buildPhases = (
				4F3CF0DE2923FA420023F685 /* Sources */,
				4F3CF0DF2923FA420023F685 /* Frameworks */,
				4F3CF0E02923FA420023F685 /* Resources */,
			);
			buildRules = (
			);
			dependencies = (
				4F3CF0E42923FA420023F685 /* PBXTargetDependency */,
			);
			name = PetosaurUITests;
			productName = PetosaurUITests;
			productReference = 4F3CF0E22923FA420023F685 /* PetosaurUITests.xctest */;
			productType = "com.apple.product-type.bundle.ui-testing";
		};
		4FF81173294A40F800B17562 /* PetosaurKit */ = {
			isa = PBXNativeTarget;
			buildConfigurationList = 4FF81189294A40F900B17562 /* Build configuration list for PBXNativeTarget "PetosaurKit" */;
			buildPhases = (
				4FF8116F294A40F800B17562 /* Headers */,
				4FF81170294A40F800B17562 /* Sources */,
				4FF81171294A40F800B17562 /* Frameworks */,
				4FF81172294A40F800B17562 /* Resources */,
			);
			buildRules = (
			);
			dependencies = (
			);
			name = PetosaurKit;
			packageProductDependencies = (
				4F070428294A71C100372873 /* Alamofire */,
			);
			productName = PetosaurKit;
			productReference = 4FF81174294A40F800B17562 /* PetosaurKit.framework */;
			productType = "com.apple.product-type.framework";
		};
		4FF8117A294A40F900B17562 /* PetosaurKitTests */ = {
			isa = PBXNativeTarget;
			buildConfigurationList = 4FF8118D294A40F900B17562 /* Build configuration list for PBXNativeTarget "PetosaurKitTests" */;
			buildPhases = (
				4FF81177294A40F900B17562 /* Sources */,
				4FF81178294A40F900B17562 /* Frameworks */,
				4FF81179294A40F900B17562 /* Resources */,
			);
			buildRules = (
			);
			dependencies = (
				4FF8117E294A40F900B17562 /* PBXTargetDependency */,
				4FF81180294A40F900B17562 /* PBXTargetDependency */,
			);
			name = PetosaurKitTests;
			productName = PetosaurKitTests;
			productReference = 4FF8117B294A40F900B17562 /* PetosaurKitTests.xctest */;
			productType = "com.apple.product-type.bundle.unit-test";
		};
/* End PBXNativeTarget section */

/* Begin PBXProject section */
		4F3CF0BA2923FA410023F685 /* Project object */ = {
			isa = PBXProject;
			attributes = {
				BuildIndependentTargetsInParallel = 1;
				LastSwiftUpdateCheck = 1420;
				LastUpgradeCheck = 1410;
				TargetAttributes = {
					4F3CF0C12923FA410023F685 = {
						CreatedOnToolsVersion = 14.1;
					};
					4F3CF0D72923FA420023F685 = {
						CreatedOnToolsVersion = 14.1;
						TestTargetID = 4F3CF0C12923FA410023F685;
					};
					4F3CF0E12923FA420023F685 = {
						CreatedOnToolsVersion = 14.1;
						TestTargetID = 4F3CF0C12923FA410023F685;
					};
					4FF81173294A40F800B17562 = {
						CreatedOnToolsVersion = 14.2;
					};
					4FF8117A294A40F900B17562 = {
						CreatedOnToolsVersion = 14.2;
						TestTargetID = 4F3CF0C12923FA410023F685;
					};
				};
			};
			buildConfigurationList = 4F3CF0BD2923FA410023F685 /* Build configuration list for PBXProject "Petosaur" */;
			compatibilityVersion = "Xcode 14.0";
			developmentRegion = en;
			hasScannedForEncodings = 0;
			knownRegions = (
				en,
				Base,
			);
			mainGroup = 4F3CF0B92923FA410023F685;
			packageReferences = (
				4F070427294A71C100372873 /* XCRemoteSwiftPackageReference "Alamofire" */,
				4F07046B294BB41700372873 /* XCRemoteSwiftPackageReference "Swinject" */,
				4FC870682950E089000AF74A /* XCRemoteSwiftPackageReference "RxSwift" */,
				4FC870732950F410000AF74A /* XCRemoteSwiftPackageReference "SnapKit" */,
				4F96AE692964AD1B00289935 /* XCRemoteSwiftPackageReference "SwiftLint" */,
			);
			productRefGroup = 4F3CF0C32923FA410023F685 /* Products */;
			projectDirPath = "";
			projectRoot = "";
			targets = (
				4F3CF0C12923FA410023F685 /* Petosaur */,
				4F3CF0D72923FA420023F685 /* PetosaurTests */,
				4F3CF0E12923FA420023F685 /* PetosaurUITests */,
				4FF81173294A40F800B17562 /* PetosaurKit */,
				4FF8117A294A40F900B17562 /* PetosaurKitTests */,
			);
		};
/* End PBXProject section */

/* Begin PBXResourcesBuildPhase section */
		4F3CF0C02923FA410023F685 /* Resources */ = {
			isa = PBXResourcesBuildPhase;
			buildActionMask = 2147483647;
			files = (
				4F3CF0CF2923FA420023F685 /* Assets.xcassets in Resources */,
			);
			runOnlyForDeploymentPostprocessing = 0;
		};
		4F3CF0D62923FA420023F685 /* Resources */ = {
			isa = PBXResourcesBuildPhase;
			buildActionMask = 2147483647;
			files = (
			);
			runOnlyForDeploymentPostprocessing = 0;
		};
		4F3CF0E02923FA420023F685 /* Resources */ = {
			isa = PBXResourcesBuildPhase;
			buildActionMask = 2147483647;
			files = (
			);
			runOnlyForDeploymentPostprocessing = 0;
		};
		4FF81172294A40F800B17562 /* Resources */ = {
			isa = PBXResourcesBuildPhase;
			buildActionMask = 2147483647;
			files = (
			);
			runOnlyForDeploymentPostprocessing = 0;
		};
		4FF81179294A40F900B17562 /* Resources */ = {
			isa = PBXResourcesBuildPhase;
			buildActionMask = 2147483647;
			files = (
			);
			runOnlyForDeploymentPostprocessing = 0;
		};
/* End PBXResourcesBuildPhase section */

/* Begin PBXSourcesBuildPhase section */
		4F3CF0BE2923FA410023F685 /* Sources */ = {
			isa = PBXSourcesBuildPhase;
			buildActionMask = 2147483647;
			files = (
				4F1A2FD6294D0D1E007428CC /* SceneService.swift in Sources */,
				4F914F7B295229790085B9C7 /* ConfigurationRouter.swift in Sources */,
				4FC8706D2950E170000AF74A /* ConfigurationProtocols.swift in Sources */,
				4F3CF0C62923FA410023F685 /* AppDelegate.swift in Sources */,
				4F1A2FD2294CFB0F007428CC /* ServicesAssembly.swift in Sources */,
				4F914F7E295229790085B9C7 /* ConfigurationInteractor.swift in Sources */,
				4FC870602950DE7D000AF74A /* SearchProtocols.swift in Sources */,
				4FC8705E2950DE7D000AF74A /* SearchViewController.swift in Sources */,
				4F1A2FD0294CF614007428CC /* PetosaurDIContainer.swift in Sources */,
				4F96AE732964BEC100289935 /* CategoriesModuleBuilder.swift in Sources */,
				4FC870612950DE7D000AF74A /* SearchInteractor.swift in Sources */,
				4F96AE752964BEC100289935 /* CategoriesViewController.swift in Sources */,
				4F3CF0C82923FA410023F685 /* SceneDelegate.swift in Sources */,
				4FC8705F2950DE7D000AF74A /* SearchRouter.swift in Sources */,
				4FC870712950E1DE000AF74A /* PodcastCell.swift in Sources */,
				4FC870722950E1DE000AF74A /* LoadingCell.swift in Sources */,
				4F914F7D295229790085B9C7 /* ConfigurationViewController.swift in Sources */,
				4F96AE742964BEC100289935 /* CategoriesRouter.swift in Sources */,
				4F96AE762964BEC100289935 /* CategoriesInteractor.swift in Sources */,
				4F914F7F295229790085B9C7 /* ConfigurationPresenter.swift in Sources */,
				4FC870672950DFFF000AF74A /* PodcastEntity.swift in Sources */,
				4F1A2FD4294CFB34007428CC /* ModulesAssembly.swift in Sources */,
				4F96AE722964BEC100289935 /* CategoriesPresenter.swift in Sources */,
				4F914F82295229F70085B9C7 /* CategoriesProtocols.swift in Sources */,
				4FC8705C2950DE7D000AF74A /* SearchPresenter.swift in Sources */,
				4FC8705D2950DE7D000AF74A /* SearchModuleBuilder.swift in Sources */,
				4FC870662950DFFF000AF74A /* ConfigurationEntity.swift in Sources */,
				4F914F7C295229790085B9C7 /* ConfigurationModuleBuilder.swift in Sources */,
			);
			runOnlyForDeploymentPostprocessing = 0;
		};
		4F3CF0D42923FA420023F685 /* Sources */ = {
			isa = PBXSourcesBuildPhase;
			buildActionMask = 2147483647;
			files = (
				4F3CF0DD2923FA420023F685 /* SearchInteractorTests.swift in Sources */,
			);
			runOnlyForDeploymentPostprocessing = 0;
		};
		4F3CF0DE2923FA420023F685 /* Sources */ = {
			isa = PBXSourcesBuildPhase;
			buildActionMask = 2147483647;
			files = (
				4F3CF0E92923FA420023F685 /* PetosaurUITestsLaunchTests.swift in Sources */,
				4F3CF0E72923FA420023F685 /* PetosaurUITests.swift in Sources */,
			);
			runOnlyForDeploymentPostprocessing = 0;
		};
		4FF81170294A40F800B17562 /* Sources */ = {
			isa = PBXSourcesBuildPhase;
			buildActionMask = 2147483647;
			files = (
				4F070465294A747D00372873 /* ErrorModel.swift in Sources */,
				4F070461294A747D00372873 /* CategoriesDataProvider.swift in Sources */,
				4F070462294A747D00372873 /* CategoryModel.swift in Sources */,
				4F070466294A747D00372873 /* SearchResultDataProvider.swift in Sources */,
				4F070468294A747D00372873 /* SearchProviderProtocol.swift in Sources */,
				4F070467294A747D00372873 /* CategoriesProviderProtocol.swift in Sources */,
				4F070460294A747D00372873 /* Podcast.swift in Sources */,
				4F070463294A747D00372873 /* SearchModel.swift in Sources */,
				4F070464294A747D00372873 /* PodcastModel.swift in Sources */,
			);
			runOnlyForDeploymentPostprocessing = 0;
		};
		4FF81177294A40F900B17562 /* Sources */ = {
			isa = PBXSourcesBuildPhase;
			buildActionMask = 2147483647;
			files = (
				4FF81183294A40F900B17562 /* PetosaurKitTests.swift in Sources */,
			);
			runOnlyForDeploymentPostprocessing = 0;
		};
/* End PBXSourcesBuildPhase section */

/* Begin PBXTargetDependency section */
		4F3CF0DA2923FA420023F685 /* PBXTargetDependency */ = {
			isa = PBXTargetDependency;
			target = 4F3CF0C12923FA410023F685 /* Petosaur */;
			targetProxy = 4F3CF0D92923FA420023F685 /* PBXContainerItemProxy */;
		};
		4F3CF0E42923FA420023F685 /* PBXTargetDependency */ = {
			isa = PBXTargetDependency;
			target = 4F3CF0C12923FA410023F685 /* Petosaur */;
			targetProxy = 4F3CF0E32923FA420023F685 /* PBXContainerItemProxy */;
		};
		4F96AE6B2964AD4D00289935 /* PBXTargetDependency */ = {
			isa = PBXTargetDependency;
			productRef = 4F96AE6A2964AD4D00289935 /* SwiftLintPlugin */;
		};
		4FF8117E294A40F900B17562 /* PBXTargetDependency */ = {
			isa = PBXTargetDependency;
			target = 4FF81173294A40F800B17562 /* PetosaurKit */;
			targetProxy = 4FF8117D294A40F900B17562 /* PBXContainerItemProxy */;
		};
		4FF81180294A40F900B17562 /* PBXTargetDependency */ = {
			isa = PBXTargetDependency;
			target = 4F3CF0C12923FA410023F685 /* Petosaur */;
			targetProxy = 4FF8117F294A40F900B17562 /* PBXContainerItemProxy */;
		};
		4FF81186294A40F900B17562 /* PBXTargetDependency */ = {
			isa = PBXTargetDependency;
			target = 4FF81173294A40F800B17562 /* PetosaurKit */;
			targetProxy = 4FF81185294A40F900B17562 /* PBXContainerItemProxy */;
		};
/* End PBXTargetDependency section */

/* Begin XCBuildConfiguration section */
		4F3CF0EA2923FA420023F685 /* Debug */ = {
			isa = XCBuildConfiguration;
			buildSettings = {
				ALWAYS_SEARCH_USER_PATHS = NO;
				CLANG_ANALYZER_NONNULL = YES;
				CLANG_ANALYZER_NUMBER_OBJECT_CONVERSION = YES_AGGRESSIVE;
				CLANG_CXX_LANGUAGE_STANDARD = "gnu++20";
				CLANG_ENABLE_MODULES = YES;
				CLANG_ENABLE_OBJC_ARC = YES;
				CLANG_ENABLE_OBJC_WEAK = YES;
				CLANG_WARN_BLOCK_CAPTURE_AUTORELEASING = YES;
				CLANG_WARN_BOOL_CONVERSION = YES;
				CLANG_WARN_COMMA = YES;
				CLANG_WARN_CONSTANT_CONVERSION = YES;
				CLANG_WARN_DEPRECATED_OBJC_IMPLEMENTATIONS = YES;
				CLANG_WARN_DIRECT_OBJC_ISA_USAGE = YES_ERROR;
				CLANG_WARN_DOCUMENTATION_COMMENTS = YES;
				CLANG_WARN_EMPTY_BODY = YES;
				CLANG_WARN_ENUM_CONVERSION = YES;
				CLANG_WARN_INFINITE_RECURSION = YES;
				CLANG_WARN_INT_CONVERSION = YES;
				CLANG_WARN_NON_LITERAL_NULL_CONVERSION = YES;
				CLANG_WARN_OBJC_IMPLICIT_RETAIN_SELF = YES;
				CLANG_WARN_OBJC_LITERAL_CONVERSION = YES;
				CLANG_WARN_OBJC_ROOT_CLASS = YES_ERROR;
				CLANG_WARN_QUOTED_INCLUDE_IN_FRAMEWORK_HEADER = YES;
				CLANG_WARN_RANGE_LOOP_ANALYSIS = YES;
				CLANG_WARN_STRICT_PROTOTYPES = YES;
				CLANG_WARN_SUSPICIOUS_MOVE = YES;
				CLANG_WARN_UNGUARDED_AVAILABILITY = YES_AGGRESSIVE;
				CLANG_WARN_UNREACHABLE_CODE = YES;
				CLANG_WARN__DUPLICATE_METHOD_MATCH = YES;
				COPY_PHASE_STRIP = NO;
				DEBUG_INFORMATION_FORMAT = dwarf;
				ENABLE_STRICT_OBJC_MSGSEND = YES;
				ENABLE_TESTABILITY = YES;
				GCC_C_LANGUAGE_STANDARD = gnu11;
				GCC_DYNAMIC_NO_PIC = NO;
				GCC_NO_COMMON_BLOCKS = YES;
				GCC_OPTIMIZATION_LEVEL = 0;
				GCC_PREPROCESSOR_DEFINITIONS = (
					"DEBUG=1",
					"$(inherited)",
				);
				GCC_WARN_64_TO_32_BIT_CONVERSION = YES;
				GCC_WARN_ABOUT_RETURN_TYPE = YES_ERROR;
				GCC_WARN_UNDECLARED_SELECTOR = YES;
				GCC_WARN_UNINITIALIZED_AUTOS = YES_AGGRESSIVE;
				GCC_WARN_UNUSED_FUNCTION = YES;
				GCC_WARN_UNUSED_VARIABLE = YES;
				IPHONEOS_DEPLOYMENT_TARGET = 14.0;
				MTL_ENABLE_DEBUG_INFO = INCLUDE_SOURCE;
				MTL_FAST_MATH = YES;
				ONLY_ACTIVE_ARCH = YES;
				SDKROOT = iphoneos;
				SWIFT_ACTIVE_COMPILATION_CONDITIONS = DEBUG;
				SWIFT_OPTIMIZATION_LEVEL = "-Onone";
			};
			name = Debug;
		};
		4F3CF0EB2923FA420023F685 /* Release */ = {
			isa = XCBuildConfiguration;
			buildSettings = {
				ALWAYS_SEARCH_USER_PATHS = NO;
				CLANG_ANALYZER_NONNULL = YES;
				CLANG_ANALYZER_NUMBER_OBJECT_CONVERSION = YES_AGGRESSIVE;
				CLANG_CXX_LANGUAGE_STANDARD = "gnu++20";
				CLANG_ENABLE_MODULES = YES;
				CLANG_ENABLE_OBJC_ARC = YES;
				CLANG_ENABLE_OBJC_WEAK = YES;
				CLANG_WARN_BLOCK_CAPTURE_AUTORELEASING = YES;
				CLANG_WARN_BOOL_CONVERSION = YES;
				CLANG_WARN_COMMA = YES;
				CLANG_WARN_CONSTANT_CONVERSION = YES;
				CLANG_WARN_DEPRECATED_OBJC_IMPLEMENTATIONS = YES;
				CLANG_WARN_DIRECT_OBJC_ISA_USAGE = YES_ERROR;
				CLANG_WARN_DOCUMENTATION_COMMENTS = YES;
				CLANG_WARN_EMPTY_BODY = YES;
				CLANG_WARN_ENUM_CONVERSION = YES;
				CLANG_WARN_INFINITE_RECURSION = YES;
				CLANG_WARN_INT_CONVERSION = YES;
				CLANG_WARN_NON_LITERAL_NULL_CONVERSION = YES;
				CLANG_WARN_OBJC_IMPLICIT_RETAIN_SELF = YES;
				CLANG_WARN_OBJC_LITERAL_CONVERSION = YES;
				CLANG_WARN_OBJC_ROOT_CLASS = YES_ERROR;
				CLANG_WARN_QUOTED_INCLUDE_IN_FRAMEWORK_HEADER = YES;
				CLANG_WARN_RANGE_LOOP_ANALYSIS = YES;
				CLANG_WARN_STRICT_PROTOTYPES = YES;
				CLANG_WARN_SUSPICIOUS_MOVE = YES;
				CLANG_WARN_UNGUARDED_AVAILABILITY = YES_AGGRESSIVE;
				CLANG_WARN_UNREACHABLE_CODE = YES;
				CLANG_WARN__DUPLICATE_METHOD_MATCH = YES;
				COPY_PHASE_STRIP = NO;
				DEBUG_INFORMATION_FORMAT = "dwarf-with-dsym";
				ENABLE_NS_ASSERTIONS = NO;
				ENABLE_STRICT_OBJC_MSGSEND = YES;
				GCC_C_LANGUAGE_STANDARD = gnu11;
				GCC_NO_COMMON_BLOCKS = YES;
				GCC_WARN_64_TO_32_BIT_CONVERSION = YES;
				GCC_WARN_ABOUT_RETURN_TYPE = YES_ERROR;
				GCC_WARN_UNDECLARED_SELECTOR = YES;
				GCC_WARN_UNINITIALIZED_AUTOS = YES_AGGRESSIVE;
				GCC_WARN_UNUSED_FUNCTION = YES;
				GCC_WARN_UNUSED_VARIABLE = YES;
				IPHONEOS_DEPLOYMENT_TARGET = 14.0;
				MTL_ENABLE_DEBUG_INFO = NO;
				MTL_FAST_MATH = YES;
				SDKROOT = iphoneos;
				SWIFT_COMPILATION_MODE = wholemodule;
				SWIFT_OPTIMIZATION_LEVEL = "-O";
				VALIDATE_PRODUCT = YES;
			};
			name = Release;
		};
		4F3CF0ED2923FA420023F685 /* Debug */ = {
			isa = XCBuildConfiguration;
			buildSettings = {
				ALWAYS_EMBED_SWIFT_STANDARD_LIBRARIES = YES;
				ASSETCATALOG_COMPILER_APPICON_NAME = AppIcon;
				ASSETCATALOG_COMPILER_GLOBAL_ACCENT_COLOR_NAME = AccentColor;
				CODE_SIGN_STYLE = Automatic;
				CURRENT_PROJECT_VERSION = 1;
				GENERATE_INFOPLIST_FILE = YES;
				INFOPLIST_FILE = Petosaur/Info.plist;
				INFOPLIST_KEY_UIApplicationSupportsIndirectInputEvents = YES;
				INFOPLIST_KEY_UISupportedInterfaceOrientations = UIInterfaceOrientationPortrait;
				INFOPLIST_KEY_UISupportedInterfaceOrientations_iPad = "UIInterfaceOrientationLandscapeLeft UIInterfaceOrientationLandscapeRight UIInterfaceOrientationPortrait UIInterfaceOrientationPortraitUpsideDown";
				LD_RUNPATH_SEARCH_PATHS = (
					"$(inherited)",
					"@executable_path/Frameworks",
				);
				MARKETING_VERSION = 1.0;
				PRODUCT_BUNDLE_IDENTIFIER = me.h8wait.Petosaur;
				PRODUCT_NAME = "$(TARGET_NAME)";
				SUPPORTED_PLATFORMS = "iphoneos iphonesimulator";
				SUPPORTS_MACCATALYST = NO;
				SUPPORTS_MAC_DESIGNED_FOR_IPHONE_IPAD = NO;
				SWIFT_EMIT_LOC_STRINGS = YES;
				SWIFT_VERSION = 5.0;
				TARGETED_DEVICE_FAMILY = 1;
			};
			name = Debug;
		};
		4F3CF0EE2923FA420023F685 /* Release */ = {
			isa = XCBuildConfiguration;
			buildSettings = {
				ALWAYS_EMBED_SWIFT_STANDARD_LIBRARIES = YES;
				ASSETCATALOG_COMPILER_APPICON_NAME = AppIcon;
				ASSETCATALOG_COMPILER_GLOBAL_ACCENT_COLOR_NAME = AccentColor;
				CODE_SIGN_STYLE = Automatic;
				CURRENT_PROJECT_VERSION = 1;
				GENERATE_INFOPLIST_FILE = YES;
				INFOPLIST_FILE = Petosaur/Info.plist;
				INFOPLIST_KEY_UIApplicationSupportsIndirectInputEvents = YES;
				INFOPLIST_KEY_UISupportedInterfaceOrientations = UIInterfaceOrientationPortrait;
				INFOPLIST_KEY_UISupportedInterfaceOrientations_iPad = "UIInterfaceOrientationLandscapeLeft UIInterfaceOrientationLandscapeRight UIInterfaceOrientationPortrait UIInterfaceOrientationPortraitUpsideDown";
				LD_RUNPATH_SEARCH_PATHS = (
					"$(inherited)",
					"@executable_path/Frameworks",
				);
				MARKETING_VERSION = 1.0;
				PRODUCT_BUNDLE_IDENTIFIER = me.h8wait.Petosaur;
				PRODUCT_NAME = "$(TARGET_NAME)";
				SUPPORTED_PLATFORMS = "iphoneos iphonesimulator";
				SUPPORTS_MACCATALYST = NO;
				SUPPORTS_MAC_DESIGNED_FOR_IPHONE_IPAD = NO;
				SWIFT_EMIT_LOC_STRINGS = YES;
				SWIFT_VERSION = 5.0;
				TARGETED_DEVICE_FAMILY = 1;
			};
			name = Release;
		};
		4F3CF0F02923FA420023F685 /* Debug */ = {
			isa = XCBuildConfiguration;
			buildSettings = {
				ALWAYS_EMBED_SWIFT_STANDARD_LIBRARIES = YES;
				BUNDLE_LOADER = "$(TEST_HOST)";
				CODE_SIGN_STYLE = Automatic;
				CURRENT_PROJECT_VERSION = 1;
				GENERATE_INFOPLIST_FILE = YES;
				IPHONEOS_DEPLOYMENT_TARGET = 14.0;
				MARKETING_VERSION = 1.0;
				PRODUCT_BUNDLE_IDENTIFIER = me.h8wait.PetosaurTests;
				PRODUCT_NAME = "$(TARGET_NAME)";
				SUPPORTED_PLATFORMS = "iphoneos iphonesimulator";
				SUPPORTS_MACCATALYST = NO;
				SUPPORTS_MAC_DESIGNED_FOR_IPHONE_IPAD = NO;
				SWIFT_EMIT_LOC_STRINGS = NO;
				SWIFT_VERSION = 5.0;
				TARGETED_DEVICE_FAMILY = 1;
				TEST_HOST = "$(BUILT_PRODUCTS_DIR)/Petosaur.app/$(BUNDLE_EXECUTABLE_FOLDER_PATH)/Petosaur";
			};
			name = Debug;
		};
		4F3CF0F12923FA420023F685 /* Release */ = {
			isa = XCBuildConfiguration;
			buildSettings = {
				ALWAYS_EMBED_SWIFT_STANDARD_LIBRARIES = YES;
				BUNDLE_LOADER = "$(TEST_HOST)";
				CODE_SIGN_STYLE = Automatic;
				CURRENT_PROJECT_VERSION = 1;
				GENERATE_INFOPLIST_FILE = YES;
				IPHONEOS_DEPLOYMENT_TARGET = 14.0;
				MARKETING_VERSION = 1.0;
				PRODUCT_BUNDLE_IDENTIFIER = me.h8wait.PetosaurTests;
				PRODUCT_NAME = "$(TARGET_NAME)";
				SUPPORTED_PLATFORMS = "iphoneos iphonesimulator";
				SUPPORTS_MACCATALYST = NO;
				SUPPORTS_MAC_DESIGNED_FOR_IPHONE_IPAD = NO;
				SWIFT_EMIT_LOC_STRINGS = NO;
				SWIFT_VERSION = 5.0;
				TARGETED_DEVICE_FAMILY = 1;
				TEST_HOST = "$(BUILT_PRODUCTS_DIR)/Petosaur.app/$(BUNDLE_EXECUTABLE_FOLDER_PATH)/Petosaur";
			};
			name = Release;
		};
		4F3CF0F32923FA420023F685 /* Debug */ = {
			isa = XCBuildConfiguration;
			buildSettings = {
				ALWAYS_EMBED_SWIFT_STANDARD_LIBRARIES = YES;
				CODE_SIGN_STYLE = Automatic;
				CURRENT_PROJECT_VERSION = 1;
				GENERATE_INFOPLIST_FILE = YES;
				MARKETING_VERSION = 1.0;
				PRODUCT_BUNDLE_IDENTIFIER = me.h8wait.PetosaurUITests;
				PRODUCT_NAME = "$(TARGET_NAME)";
				SUPPORTED_PLATFORMS = "iphoneos iphonesimulator";
				SUPPORTS_MACCATALYST = NO;
				SUPPORTS_MAC_DESIGNED_FOR_IPHONE_IPAD = NO;
				SWIFT_EMIT_LOC_STRINGS = NO;
				SWIFT_VERSION = 5.0;
				TARGETED_DEVICE_FAMILY = 1;
				TEST_TARGET_NAME = Petosaur;
			};
			name = Debug;
		};
		4F3CF0F42923FA420023F685 /* Release */ = {
			isa = XCBuildConfiguration;
			buildSettings = {
				ALWAYS_EMBED_SWIFT_STANDARD_LIBRARIES = YES;
				CODE_SIGN_STYLE = Automatic;
				CURRENT_PROJECT_VERSION = 1;
				GENERATE_INFOPLIST_FILE = YES;
				MARKETING_VERSION = 1.0;
				PRODUCT_BUNDLE_IDENTIFIER = me.h8wait.PetosaurUITests;
				PRODUCT_NAME = "$(TARGET_NAME)";
				SUPPORTED_PLATFORMS = "iphoneos iphonesimulator";
				SUPPORTS_MACCATALYST = NO;
				SUPPORTS_MAC_DESIGNED_FOR_IPHONE_IPAD = NO;
				SWIFT_EMIT_LOC_STRINGS = NO;
				SWIFT_VERSION = 5.0;
				TARGETED_DEVICE_FAMILY = 1;
				TEST_TARGET_NAME = Petosaur;
			};
			name = Release;
		};
		4FF8118A294A40F900B17562 /* Debug */ = {
			isa = XCBuildConfiguration;
			buildSettings = {
				CODE_SIGN_STYLE = Automatic;
				CURRENT_PROJECT_VERSION = 1;
				DEFINES_MODULE = YES;
				DYLIB_COMPATIBILITY_VERSION = 1;
				DYLIB_CURRENT_VERSION = 1;
				DYLIB_INSTALL_NAME_BASE = "@rpath";
				GENERATE_INFOPLIST_FILE = YES;
				INFOPLIST_KEY_NSHumanReadableCopyright = "";
				INSTALL_PATH = "$(LOCAL_LIBRARY_DIR)/Frameworks";
				IPHONEOS_DEPLOYMENT_TARGET = 14.0;
				LD_RUNPATH_SEARCH_PATHS = (
					"$(inherited)",
					"@executable_path/Frameworks",
					"@loader_path/Frameworks",
				);
				MARKETING_VERSION = 1.0;
				PRODUCT_BUNDLE_IDENTIFIER = me.h8wait.PetosaurKit;
				PRODUCT_NAME = "$(TARGET_NAME:c99extidentifier)";
				SKIP_INSTALL = YES;
				SWIFT_EMIT_LOC_STRINGS = YES;
				SWIFT_VERSION = 5.0;
				TARGETED_DEVICE_FAMILY = "1,2";
				VERSIONING_SYSTEM = "apple-generic";
				VERSION_INFO_PREFIX = "";
			};
			name = Debug;
		};
		4FF8118B294A40F900B17562 /* Release */ = {
			isa = XCBuildConfiguration;
			buildSettings = {
				CODE_SIGN_STYLE = Automatic;
				CURRENT_PROJECT_VERSION = 1;
				DEFINES_MODULE = YES;
				DYLIB_COMPATIBILITY_VERSION = 1;
				DYLIB_CURRENT_VERSION = 1;
				DYLIB_INSTALL_NAME_BASE = "@rpath";
				GENERATE_INFOPLIST_FILE = YES;
				INFOPLIST_KEY_NSHumanReadableCopyright = "";
				INSTALL_PATH = "$(LOCAL_LIBRARY_DIR)/Frameworks";
				IPHONEOS_DEPLOYMENT_TARGET = 14.0;
				LD_RUNPATH_SEARCH_PATHS = (
					"$(inherited)",
					"@executable_path/Frameworks",
					"@loader_path/Frameworks",
				);
				MARKETING_VERSION = 1.0;
				PRODUCT_BUNDLE_IDENTIFIER = me.h8wait.PetosaurKit;
				PRODUCT_NAME = "$(TARGET_NAME:c99extidentifier)";
				SKIP_INSTALL = YES;
				SWIFT_EMIT_LOC_STRINGS = YES;
				SWIFT_VERSION = 5.0;
				TARGETED_DEVICE_FAMILY = "1,2";
				VERSIONING_SYSTEM = "apple-generic";
				VERSION_INFO_PREFIX = "";
			};
			name = Release;
		};
		4FF8118E294A40F900B17562 /* Debug */ = {
			isa = XCBuildConfiguration;
			buildSettings = {
				ALWAYS_EMBED_SWIFT_STANDARD_LIBRARIES = YES;
				CODE_SIGN_STYLE = Automatic;
				CURRENT_PROJECT_VERSION = 1;
				GENERATE_INFOPLIST_FILE = YES;
				IPHONEOS_DEPLOYMENT_TARGET = 14.0;
				MARKETING_VERSION = 1.0;
				PRODUCT_BUNDLE_IDENTIFIER = me.h8wait.PetosaurKitTests;
				PRODUCT_NAME = "$(TARGET_NAME)";
				SWIFT_EMIT_LOC_STRINGS = NO;
				SWIFT_VERSION = 5.0;
				TARGETED_DEVICE_FAMILY = "1,2";
				TEST_HOST = "$(BUILT_PRODUCTS_DIR)/Petosaur.app/$(BUNDLE_EXECUTABLE_FOLDER_PATH)/Petosaur";
			};
			name = Debug;
		};
		4FF8118F294A40F900B17562 /* Release */ = {
			isa = XCBuildConfiguration;
			buildSettings = {
				ALWAYS_EMBED_SWIFT_STANDARD_LIBRARIES = YES;
				CODE_SIGN_STYLE = Automatic;
				CURRENT_PROJECT_VERSION = 1;
				GENERATE_INFOPLIST_FILE = YES;
				IPHONEOS_DEPLOYMENT_TARGET = 14.0;
				MARKETING_VERSION = 1.0;
				PRODUCT_BUNDLE_IDENTIFIER = me.h8wait.PetosaurKitTests;
				PRODUCT_NAME = "$(TARGET_NAME)";
				SWIFT_EMIT_LOC_STRINGS = NO;
				SWIFT_VERSION = 5.0;
				TARGETED_DEVICE_FAMILY = "1,2";
				TEST_HOST = "$(BUILT_PRODUCTS_DIR)/Petosaur.app/$(BUNDLE_EXECUTABLE_FOLDER_PATH)/Petosaur";
			};
			name = Release;
		};
/* End XCBuildConfiguration section */

/* Begin XCConfigurationList section */
		4F3CF0BD2923FA410023F685 /* Build configuration list for PBXProject "Petosaur" */ = {
			isa = XCConfigurationList;
			buildConfigurations = (
				4F3CF0EA2923FA420023F685 /* Debug */,
				4F3CF0EB2923FA420023F685 /* Release */,
			);
			defaultConfigurationIsVisible = 0;
			defaultConfigurationName = Release;
		};
		4F3CF0EC2923FA420023F685 /* Build configuration list for PBXNativeTarget "Petosaur" */ = {
			isa = XCConfigurationList;
			buildConfigurations = (
				4F3CF0ED2923FA420023F685 /* Debug */,
				4F3CF0EE2923FA420023F685 /* Release */,
			);
			defaultConfigurationIsVisible = 0;
			defaultConfigurationName = Release;
		};
		4F3CF0EF2923FA420023F685 /* Build configuration list for PBXNativeTarget "PetosaurTests" */ = {
			isa = XCConfigurationList;
			buildConfigurations = (
				4F3CF0F02923FA420023F685 /* Debug */,
				4F3CF0F12923FA420023F685 /* Release */,
			);
			defaultConfigurationIsVisible = 0;
			defaultConfigurationName = Release;
		};
		4F3CF0F22923FA420023F685 /* Build configuration list for PBXNativeTarget "PetosaurUITests" */ = {
			isa = XCConfigurationList;
			buildConfigurations = (
				4F3CF0F32923FA420023F685 /* Debug */,
				4F3CF0F42923FA420023F685 /* Release */,
			);
			defaultConfigurationIsVisible = 0;
			defaultConfigurationName = Release;
		};
		4FF81189294A40F900B17562 /* Build configuration list for PBXNativeTarget "PetosaurKit" */ = {
			isa = XCConfigurationList;
			buildConfigurations = (
				4FF8118A294A40F900B17562 /* Debug */,
				4FF8118B294A40F900B17562 /* Release */,
			);
			defaultConfigurationIsVisible = 0;
			defaultConfigurationName = Release;
		};
		4FF8118D294A40F900B17562 /* Build configuration list for PBXNativeTarget "PetosaurKitTests" */ = {
			isa = XCConfigurationList;
			buildConfigurations = (
				4FF8118E294A40F900B17562 /* Debug */,
				4FF8118F294A40F900B17562 /* Release */,
			);
			defaultConfigurationIsVisible = 0;
			defaultConfigurationName = Release;
		};
/* End XCConfigurationList section */

/* Begin XCRemoteSwiftPackageReference section */
		4F070427294A71C100372873 /* XCRemoteSwiftPackageReference "Alamofire" */ = {
			isa = XCRemoteSwiftPackageReference;
			repositoryURL = "https://github.com/Alamofire/Alamofire.git";
			requirement = {
				kind = upToNextMajorVersion;
				minimumVersion = 5.0.0;
			};
		};
		4F07046B294BB41700372873 /* XCRemoteSwiftPackageReference "Swinject" */ = {
			isa = XCRemoteSwiftPackageReference;
			repositoryURL = "https://github.com/Swinject/Swinject";
			requirement = {
				kind = upToNextMajorVersion;
				minimumVersion = 2.0.0;
			};
		};
		4F96AE692964AD1B00289935 /* XCRemoteSwiftPackageReference "SwiftLint" */ = {
			isa = XCRemoteSwiftPackageReference;
			repositoryURL = "https://github.com/realm/SwiftLint.git";
			requirement = {
				branch = "release-0.50.0-rc.4";
				kind = branch;
			};
		};
		4FC870682950E089000AF74A /* XCRemoteSwiftPackageReference "RxSwift" */ = {
			isa = XCRemoteSwiftPackageReference;
			repositoryURL = "https://github.com/ReactiveX/RxSwift.git";
			requirement = {
				kind = upToNextMajorVersion;
				minimumVersion = 6.0.0;
			};
		};
		4FC870732950F410000AF74A /* XCRemoteSwiftPackageReference "SnapKit" */ = {
			isa = XCRemoteSwiftPackageReference;
			repositoryURL = "https://github.com/SnapKit/SnapKit.git";
			requirement = {
				kind = upToNextMajorVersion;
				minimumVersion = 5.0.0;
			};
		};
/* End XCRemoteSwiftPackageReference section */

/* Begin XCSwiftPackageProductDependency section */
		4F070428294A71C100372873 /* Alamofire */ = {
			isa = XCSwiftPackageProductDependency;
			package = 4F070427294A71C100372873 /* XCRemoteSwiftPackageReference "Alamofire" */;
			productName = Alamofire;
		};
		4F07046C294BB41700372873 /* Swinject */ = {
			isa = XCSwiftPackageProductDependency;
			package = 4F07046B294BB41700372873 /* XCRemoteSwiftPackageReference "Swinject" */;
			productName = Swinject;
		};
		4F96AE6A2964AD4D00289935 /* SwiftLintPlugin */ = {
			isa = XCSwiftPackageProductDependency;
			package = 4F96AE692964AD1B00289935 /* XCRemoteSwiftPackageReference "SwiftLint" */;
			productName = "plugin:SwiftLintPlugin";
		};
		4FC870692950E089000AF74A /* RxSwift */ = {
			isa = XCSwiftPackageProductDependency;
			package = 4FC870682950E089000AF74A /* XCRemoteSwiftPackageReference "RxSwift" */;
			productName = RxSwift;
		};
		4FC870742950F410000AF74A /* SnapKit */ = {
			isa = XCSwiftPackageProductDependency;
			package = 4FC870732950F410000AF74A /* XCRemoteSwiftPackageReference "SnapKit" */;
			productName = SnapKit;
		};
/* End XCSwiftPackageProductDependency section */
	};
	rootObject = 4F3CF0BA2923FA410023F685 /* Project object */;
}
